#MicroXplorer Configuration settings - do not modify
File.Version=6
KeepUserPlacement=false
Mcu.Family=STM32F0
Mcu.IP0=NVIC
Mcu.IP1=RCC
Mcu.IP2=SYS
Mcu.IP3=USART2
Mcu.IP4=USB
Mcu.IP5=USB_DEVICE
Mcu.IPNb=6
Mcu.Name=STM32F042F6Px
Mcu.Package=TSSOP20
Mcu.Pin0=PA1
Mcu.Pin1=PA2
Mcu.Pin2=PA3
Mcu.Pin3=PA11
Mcu.Pin4=PA12
Mcu.Pin5=PA13
Mcu.Pin6=PA14
Mcu.Pin7=VP_SYS_VS_PINREMAP
Mcu.Pin8=VP_SYS_VS_Systick
Mcu.Pin9=VP_USB_DEVICE_VS_USB_DEVICE_DFU_FS
Mcu.PinsNb=10
Mcu.UserConstants=
Mcu.UserName=STM32F042F6Px
MxCube.Version=4.15.1
MxDb.Version=DB.4.0.151
NVIC.HardFault_IRQn=true\:0\:0\:false\:false\:true
NVIC.NonMaskableInt_IRQn=true\:0\:0\:false\:false\:true
NVIC.PendSV_IRQn=true\:0\:0\:false\:false\:true
NVIC.SVC_IRQn=true\:0\:0\:false\:false\:true
NVIC.SysTick_IRQn=true\:0\:0\:false\:false\:true
NVIC.USB_IRQn=true\:0\:0\:false\:false\:true
PA1.Mode=Hardware Flow Control (RS485)
PA1.Signal=USART2_DE
PA11.Mode=Device
PA11.Signal=USB_DM
PA12.Mode=Device
PA12.Signal=USB_DP
PA13.Mode=Serial_Wire
PA13.Signal=SYS_SWDIO
PA14.Mode=Serial_Wire
PA14.Signal=SYS_SWCLK
PA2.Mode=Asynchronous
PA2.Signal=USART2_TX
PA3.Mode=Asynchronous
PA3.Signal=USART2_RX
PCC.Checker=false
PCC.Line=STM32F0x2
PCC.MCU=STM32F042F6Px
PCC.MXVersion=4.15.1
PCC.PartNumber=STM32F042F6Px
PCC.Seq0=0
PCC.Series=STM32F0
PCC.Temperature=25
PCC.Vdd=3.6
RCC.CECFreq_Value=32786.88524590164
RCC.FamilyName=M
RCC.HSICECFreq_Value=32786.88524590164
RCC.IPParameters=CECFreq_Value,FamilyName,HSICECFreq_Value,PLLCLKFreq_Value,TimSysFreq_Value,VCOOutput2Freq_Value
RCC.PLLCLKFreq_Value=16000000
RCC.TimSysFreq_Value=8000000
RCC.VCOOutput2Freq_Value=8000000
USB_DEVICE.IPParameters=VirtualMode,VirtualModeFS,USBD_HandleTypeDef
USB_DEVICE.USBD_HandleTypeDef=hUsbDeviceFS
USB_DEVICE.VirtualMode=Dfu
USB_DEVICE.VirtualModeFS=Dfu_FS
VP_SYS_VS_PINREMAP.Mode=PINREMAP
VP_SYS_VS_PINREMAP.Signal=SYS_VS_PINREMAP
VP_SYS_VS_Systick.Mode=SysTick
VP_SYS_VS_Systick.Signal=SYS_VS_Systick
VP_USB_DEVICE_VS_USB_DEVICE_DFU_FS.Mode=DFU_FS
VP_USB_DEVICE_VS_USB_DEVICE_DFU_FS.Signal=USB_DEVICE_VS_USB_DEVICE_DFU_FS
